
Microsoft Visual Studio Solution File, Format Version 12.00
# Visual Studio Version 16
VisualStudioVersion = 16.0.30225.117
MinimumVisualStudioVersion = 10.0.40219.1
Project("{2150E333-8FDC-42A3-9474-1A3956D46DE8}") = "src", "src", "{597F2268-893A-4834-A8AA-7C3767C7F8D5}"
EndProject
Project("{2150E333-8FDC-42A3-9474-1A3956D46DE8}") = "TaskIssue", "TaskIssue", "{F5B2BB22-19C3-4EF1-8933-035AA5FFAA82}"
EndProject
Project("{9A19103F-16F7-4668-BE54-9A1E7A4F7556}") = "TaskIssue.API", "src\TaskIssue\TaskIssue.API\TaskIssue.API.csproj", "{5E83320F-1AD6-4DEE-9AB7-8E69BF5E4CAB}"
EndProject
Project("{E53339B2-1760-4266-BCC7-CA923CBCF16C}") = "docker-compose", "docker-compose.dcproj", "{F53AA8E6-8D30-4B02-966F-48F9BBD174F1}"
EndProject
Project("{2150E333-8FDC-42A3-9474-1A3956D46DE8}") = "SprintManagement", "SprintManagement", "{2F45C7A3-E371-46C5-BE70-68B3A72A3C16}"
EndProject
Project("{9A19103F-16F7-4668-BE54-9A1E7A4F7556}") = "SprintManagement.API", "src\SprintManagement\SprintManagement.API\SprintManagement.API.csproj", "{44950A19-8BF6-435B-B98D-168FD85E8DAC}"
EndProject
Project("{9A19103F-16F7-4668-BE54-9A1E7A4F7556}") = "SprintManagement.Core", "src\SprintManagement\SprintManagement.Core\SprintManagement.Core.csproj", "{470F2A22-020B-4FD9-871C-CEC1730D6FFE}"
EndProject
Project("{9A19103F-16F7-4668-BE54-9A1E7A4F7556}") = "SprintManagement.Infrastructure", "src\SprintManagement\SprintManagement.Infrastructure\SprintManagement.Infrastructure.csproj", "{EA21639A-869C-43D5-A39D-7B0BCFB18A53}"
EndProject
Project("{9A19103F-16F7-4668-BE54-9A1E7A4F7556}") = "SprintManagement.Application", "src\SprintManagement\SprintManagement.Application\SprintManagement.Application.csproj", "{4A70F66A-3DF1-4DE1-877A-6934D02578F2}"
EndProject
Project("{2150E333-8FDC-42A3-9474-1A3956D46DE8}") = "Common", "Common", "{2E5BC303-1612-4217-B38E-23999355E4EE}"
EndProject
Project("{9A19103F-16F7-4668-BE54-9A1E7A4F7556}") = "EventBusRabbitMQ", "src\Common\EventBusRabbitMQ\EventBusRabbitMQ.csproj", "{431EE811-5D05-46F1-9CFE-4881E6B20219}"
EndProject
Project("{2150E333-8FDC-42A3-9474-1A3956D46DE8}") = "SprintActive", "SprintActive", "{A0CF36DD-6ACA-4212-9C8F-CDFB97178651}"
EndProject
Project("{9A19103F-16F7-4668-BE54-9A1E7A4F7556}") = "SprintActive.API", "src\SprintActive\SprintActive.API\SprintActive.API.csproj", "{3CF67500-2215-488E-A6C6-EEC9859531C6}"
EndProject
Project("{2150E333-8FDC-42A3-9474-1A3956D46DE8}") = "ApiGateway", "ApiGateway", "{E93AAEA1-D250-446D-98E2-7770150F90F1}"
EndProject
Project("{FAE04EC0-301F-11D3-BF4B-00C04F79EFBC}") = "OcelotAPIGateway", "src\apigateway\OcelotAPIGateway\OcelotAPIGateway.csproj", "{810B4294-1DE5-4735-9A9A-21A6E049D0AD}"
EndProject
Global
	GlobalSection(SolutionConfigurationPlatforms) = preSolution
		Debug|Any CPU = Debug|Any CPU
		Release|Any CPU = Release|Any CPU
	EndGlobalSection
	GlobalSection(ProjectConfigurationPlatforms) = postSolution
		{5E83320F-1AD6-4DEE-9AB7-8E69BF5E4CAB}.Debug|Any CPU.ActiveCfg = Debug|Any CPU
		{5E83320F-1AD6-4DEE-9AB7-8E69BF5E4CAB}.Debug|Any CPU.Build.0 = Debug|Any CPU
		{5E83320F-1AD6-4DEE-9AB7-8E69BF5E4CAB}.Release|Any CPU.ActiveCfg = Release|Any CPU
		{5E83320F-1AD6-4DEE-9AB7-8E69BF5E4CAB}.Release|Any CPU.Build.0 = Release|Any CPU
		{F53AA8E6-8D30-4B02-966F-48F9BBD174F1}.Debug|Any CPU.ActiveCfg = Debug|Any CPU
		{F53AA8E6-8D30-4B02-966F-48F9BBD174F1}.Debug|Any CPU.Build.0 = Debug|Any CPU
		{F53AA8E6-8D30-4B02-966F-48F9BBD174F1}.Release|Any CPU.ActiveCfg = Release|Any CPU
		{F53AA8E6-8D30-4B02-966F-48F9BBD174F1}.Release|Any CPU.Build.0 = Release|Any CPU
		{44950A19-8BF6-435B-B98D-168FD85E8DAC}.Debug|Any CPU.ActiveCfg = Debug|Any CPU
		{44950A19-8BF6-435B-B98D-168FD85E8DAC}.Debug|Any CPU.Build.0 = Debug|Any CPU
		{44950A19-8BF6-435B-B98D-168FD85E8DAC}.Release|Any CPU.ActiveCfg = Release|Any CPU
		{44950A19-8BF6-435B-B98D-168FD85E8DAC}.Release|Any CPU.Build.0 = Release|Any CPU
		{470F2A22-020B-4FD9-871C-CEC1730D6FFE}.Debug|Any CPU.ActiveCfg = Debug|Any CPU
		{470F2A22-020B-4FD9-871C-CEC1730D6FFE}.Debug|Any CPU.Build.0 = Debug|Any CPU
		{470F2A22-020B-4FD9-871C-CEC1730D6FFE}.Release|Any CPU.ActiveCfg = Release|Any CPU
		{470F2A22-020B-4FD9-871C-CEC1730D6FFE}.Release|Any CPU.Build.0 = Release|Any CPU
		{EA21639A-869C-43D5-A39D-7B0BCFB18A53}.Debug|Any CPU.ActiveCfg = Debug|Any CPU
		{EA21639A-869C-43D5-A39D-7B0BCFB18A53}.Debug|Any CPU.Build.0 = Debug|Any CPU
		{EA21639A-869C-43D5-A39D-7B0BCFB18A53}.Release|Any CPU.ActiveCfg = Release|Any CPU
		{EA21639A-869C-43D5-A39D-7B0BCFB18A53}.Release|Any CPU.Build.0 = Release|Any CPU
		{4A70F66A-3DF1-4DE1-877A-6934D02578F2}.Debug|Any CPU.ActiveCfg = Debug|Any CPU
		{4A70F66A-3DF1-4DE1-877A-6934D02578F2}.Debug|Any CPU.Build.0 = Debug|Any CPU
		{4A70F66A-3DF1-4DE1-877A-6934D02578F2}.Release|Any CPU.ActiveCfg = Release|Any CPU
		{4A70F66A-3DF1-4DE1-877A-6934D02578F2}.Release|Any CPU.Build.0 = Release|Any CPU
		{431EE811-5D05-46F1-9CFE-4881E6B20219}.Debug|Any CPU.ActiveCfg = Debug|Any CPU
		{431EE811-5D05-46F1-9CFE-4881E6B20219}.Debug|Any CPU.Build.0 = Debug|Any CPU
		{431EE811-5D05-46F1-9CFE-4881E6B20219}.Release|Any CPU.ActiveCfg = Release|Any CPU
		{431EE811-5D05-46F1-9CFE-4881E6B20219}.Release|Any CPU.Build.0 = Release|Any CPU
		{3CF67500-2215-488E-A6C6-EEC9859531C6}.Debug|Any CPU.ActiveCfg = Debug|Any CPU
		{3CF67500-2215-488E-A6C6-EEC9859531C6}.Debug|Any CPU.Build.0 = Debug|Any CPU
		{3CF67500-2215-488E-A6C6-EEC9859531C6}.Release|Any CPU.ActiveCfg = Release|Any CPU
		{3CF67500-2215-488E-A6C6-EEC9859531C6}.Release|Any CPU.Build.0 = Release|Any CPU
		{810B4294-1DE5-4735-9A9A-21A6E049D0AD}.Debug|Any CPU.ActiveCfg = Debug|Any CPU
		{810B4294-1DE5-4735-9A9A-21A6E049D0AD}.Debug|Any CPU.Build.0 = Debug|Any CPU
		{810B4294-1DE5-4735-9A9A-21A6E049D0AD}.Release|Any CPU.ActiveCfg = Release|Any CPU
		{810B4294-1DE5-4735-9A9A-21A6E049D0AD}.Release|Any CPU.Build.0 = Release|Any CPU
	EndGlobalSection
	GlobalSection(SolutionProperties) = preSolution
		HideSolutionNode = FALSE
	EndGlobalSection
	GlobalSection(NestedProjects) = preSolution
		{F5B2BB22-19C3-4EF1-8933-035AA5FFAA82} = {597F2268-893A-4834-A8AA-7C3767C7F8D5}
		{5E83320F-1AD6-4DEE-9AB7-8E69BF5E4CAB} = {F5B2BB22-19C3-4EF1-8933-035AA5FFAA82}
		{2F45C7A3-E371-46C5-BE70-68B3A72A3C16} = {597F2268-893A-4834-A8AA-7C3767C7F8D5}
		{44950A19-8BF6-435B-B98D-168FD85E8DAC} = {2F45C7A3-E371-46C5-BE70-68B3A72A3C16}
		{470F2A22-020B-4FD9-871C-CEC1730D6FFE} = {2F45C7A3-E371-46C5-BE70-68B3A72A3C16}
		{EA21639A-869C-43D5-A39D-7B0BCFB18A53} = {2F45C7A3-E371-46C5-BE70-68B3A72A3C16}
		{4A70F66A-3DF1-4DE1-877A-6934D02578F2} = {2F45C7A3-E371-46C5-BE70-68B3A72A3C16}
		{2E5BC303-1612-4217-B38E-23999355E4EE} = {597F2268-893A-4834-A8AA-7C3767C7F8D5}
		{431EE811-5D05-46F1-9CFE-4881E6B20219} = {2E5BC303-1612-4217-B38E-23999355E4EE}
		{A0CF36DD-6ACA-4212-9C8F-CDFB97178651} = {597F2268-893A-4834-A8AA-7C3767C7F8D5}
		{3CF67500-2215-488E-A6C6-EEC9859531C6} = {A0CF36DD-6ACA-4212-9C8F-CDFB97178651}
		{E93AAEA1-D250-446D-98E2-7770150F90F1} = {597F2268-893A-4834-A8AA-7C3767C7F8D5}
		{810B4294-1DE5-4735-9A9A-21A6E049D0AD} = {E93AAEA1-D250-446D-98E2-7770150F90F1}
	EndGlobalSection
	GlobalSection(ExtensibilityGlobals) = postSolution
		SolutionGuid = {BFD0E390-3A3F-4CE1-8163-7D1DDB6A7AC5}
	EndGlobalSection
EndGlobal
